
Microsoft Visual Studio Solution File, Format Version 12.00
# Visual Studio Express 2013 for Windows
VisualStudioVersion = 12.0.31101.0
MinimumVisualStudioVersion = 10.0.40219.1
Project("{2150E333-8FDC-42A3-9474-1A3956D46DE8}") = "Humanitaire 2.0", "Humanitaire 2.0", "{667FAD3A-8732-47F6-BB08-281A8392CE89}"
EndProject
Project("{D954291E-2A0B-460D-934E-DC6B0785DB48}") = "Humanitaire 2.0.Shared", "Humanitaire 2.0\Humanitaire 2.0.Shared\Humanitaire 2.0.Shared.shproj", "{1775ACD4-8E1C-4FA7-964E-AB52CFCB9993}"
EndProject
Project("{FAE04EC0-301F-11D3-BF4B-00C04F79EFBC}") = "Humanitaire 2.0.Windows", "Humanitaire 2.0\Humanitaire 2.0.Windows\Humanitaire 2.0.Windows.csproj", "{ED85A846-D262-4D78-84CF-670B55606474}"
EndProject
Project("{FAE04EC0-301F-11D3-BF4B-00C04F79EFBC}") = "Humanitaire 2.0.WindowsPhone", "Humanitaire 2.0\Humanitaire 2.0.WindowsPhone\Humanitaire 2.0.WindowsPhone.csproj", "{5359BB6F-EE2F-40B4-AB50-2D4AD4880A1F}"
EndProject
Global
	GlobalSection(SharedMSBuildProjectFiles) = preSolution
		Humanitaire 2.0\Humanitaire 2.0.Shared\Humanitaire 2.0.Shared.projitems*{5359bb6f-ee2f-40b4-ab50-2d4ad4880a1f}*SharedItemsImports = 4
		Humanitaire 2.0\Humanitaire 2.0.Shared\Humanitaire 2.0.Shared.projitems*{1775acd4-8e1c-4fa7-964e-ab52cfcb9993}*SharedItemsImports = 13
		Humanitaire 2.0\Humanitaire 2.0.Shared\Humanitaire 2.0.Shared.projitems*{ed85a846-d262-4d78-84cf-670b55606474}*SharedItemsImports = 4
	EndGlobalSection
	GlobalSection(SolutionConfigurationPlatforms) = preSolution
		Debug|Any CPU = Debug|Any CPU
		Debug|ARM = Debug|ARM
		Debug|x64 = Debug|x64
		Debug|x86 = Debug|x86
		Release|Any CPU = Release|Any CPU
		Release|ARM = Release|ARM
		Release|x64 = Release|x64
		Release|x86 = Release|x86
	EndGlobalSection
	GlobalSection(ProjectConfigurationPlatforms) = postSolution
		{ED85A846-D262-4D78-84CF-670B55606474}.Debug|Any CPU.ActiveCfg = Debug|Any CPU
		{ED85A846-D262-4D78-84CF-670B55606474}.Debug|Any CPU.Build.0 = Debug|Any CPU
		{ED85A846-D262-4D78-84CF-670B55606474}.Debug|Any CPU.Deploy.0 = Debug|Any CPU
		{ED85A846-D262-4D78-84CF-670B55606474}.Debug|ARM.ActiveCfg = Debug|ARM
		{ED85A846-D262-4D78-84CF-670B55606474}.Debug|ARM.Build.0 = Debug|ARM
		{ED85A846-D262-4D78-84CF-670B55606474}.Debug|ARM.Deploy.0 = Debug|ARM
		{ED85A846-D262-4D78-84CF-670B55606474}.Debug|x64.ActiveCfg = Debug|x64
		{ED85A846-D262-4D78-84CF-670B55606474}.Debug|x64.Build.0 = Debug|x64
		{ED85A846-D262-4D78-84CF-670B55606474}.Debug|x64.Deploy.0 = Debug|x64
		{ED85A846-D262-4D78-84CF-670B55606474}.Debug|x86.ActiveCfg = Debug|x86
		{ED85A846-D262-4D78-84CF-670B55606474}.Debug|x86.Build.0 = Debug|x86
		{ED85A846-D262-4D78-84CF-670B55606474}.Debug|x86.Deploy.0 = Debug|x86
		{ED85A846-D262-4D78-84CF-670B55606474}.Release|Any CPU.ActiveCfg = Release|Any CPU
		{ED85A846-D262-4D78-84CF-670B55606474}.Release|Any CPU.Build.0 = Release|Any CPU
		{ED85A846-D262-4D78-84CF-670B55606474}.Release|Any CPU.Deploy.0 = Release|Any CPU
		{ED85A846-D262-4D78-84CF-670B55606474}.Release|ARM.ActiveCfg = Release|ARM
		{ED85A846-D262-4D78-84CF-670B55606474}.Release|ARM.Build.0 = Release|ARM
		{ED85A846-D262-4D78-84CF-670B55606474}.Release|ARM.Deploy.0 = Release|ARM
		{ED85A846-D262-4D78-84CF-670B55606474}.Release|x64.ActiveCfg = Release|x64
		{ED85A846-D262-4D78-84CF-670B55606474}.Release|x64.Build.0 = Release|x64
		{ED85A846-D262-4D78-84CF-670B55606474}.Release|x64.Deploy.0 = Release|x64
		{ED85A846-D262-4D78-84CF-670B55606474}.Release|x86.ActiveCfg = Release|x86
		{ED85A846-D262-4D78-84CF-670B55606474}.Release|x86.Build.0 = Release|x86
		{ED85A846-D262-4D78-84CF-670B55606474}.Release|x86.Deploy.0 = Release|x86
		{5359BB6F-EE2F-40B4-AB50-2D4AD4880A1F}.Debug|Any CPU.ActiveCfg = Debug|Any CPU
		{5359BB6F-EE2F-40B4-AB50-2D4AD4880A1F}.Debug|Any CPU.Build.0 = Debug|Any CPU
		{5359BB6F-EE2F-40B4-AB50-2D4AD4880A1F}.Debug|Any CPU.Deploy.0 = Debug|Any CPU
		{5359BB6F-EE2F-40B4-AB50-2D4AD4880A1F}.Debug|ARM.ActiveCfg = Debug|ARM
		{5359BB6F-EE2F-40B4-AB50-2D4AD4880A1F}.Debug|ARM.Build.0 = Debug|ARM
		{5359BB6F-EE2F-40B4-AB50-2D4AD4880A1F}.Debug|ARM.Deploy.0 = Debug|ARM
		{5359BB6F-EE2F-40B4-AB50-2D4AD4880A1F}.Debug|x64.ActiveCfg = Debug|Any CPU
		{5359BB6F-EE2F-40B4-AB50-2D4AD4880A1F}.Debug|x86.ActiveCfg = Debug|x86
		{5359BB6F-EE2F-40B4-AB50-2D4AD4880A1F}.Debug|x86.Build.0 = Debug|x86
		{5359BB6F-EE2F-40B4-AB50-2D4AD4880A1F}.Debug|x86.Deploy.0 = Debug|x86
		{5359BB6F-EE2F-40B4-AB50-2D4AD4880A1F}.Release|Any CPU.ActiveCfg = Release|Any CPU
		{5359BB6F-EE2F-40B4-AB50-2D4AD4880A1F}.Release|Any CPU.Build.0 = Release|Any CPU
		{5359BB6F-EE2F-40B4-AB50-2D4AD4880A1F}.Release|Any CPU.Deploy.0 = Release|Any CPU
		{5359BB6F-EE2F-40B4-AB50-2D4AD4880A1F}.Release|ARM.ActiveCfg = Release|ARM
		{5359BB6F-EE2F-40B4-AB50-2D4AD4880A1F}.Release|ARM.Build.0 = Release|ARM
		{5359BB6F-EE2F-40B4-AB50-2D4AD4880A1F}.Release|ARM.Deploy.0 = Release|ARM
		{5359BB6F-EE2F-40B4-AB50-2D4AD4880A1F}.Release|x64.ActiveCfg = Release|Any CPU
		{5359BB6F-EE2F-40B4-AB50-2D4AD4880A1F}.Release|x86.ActiveCfg = Release|x86
		{5359BB6F-EE2F-40B4-AB50-2D4AD4880A1F}.Release|x86.Build.0 = Release|x86
		{5359BB6F-EE2F-40B4-AB50-2D4AD4880A1F}.Release|x86.Deploy.0 = Release|x86
	EndGlobalSection
	GlobalSection(SolutionProperties) = preSolution
		HideSolutionNode = FALSE
	EndGlobalSection
	GlobalSection(NestedProjects) = preSolution
		{1775ACD4-8E1C-4FA7-964E-AB52CFCB9993} = {667FAD3A-8732-47F6-BB08-281A8392CE89}
		{ED85A846-D262-4D78-84CF-670B55606474} = {667FAD3A-8732-47F6-BB08-281A8392CE89}
		{5359BB6F-EE2F-40B4-AB50-2D4AD4880A1F} = {667FAD3A-8732-47F6-BB08-281A8392CE89}
	EndGlobalSection
EndGlobal
